
Microsoft Visual Studio Solution File, Format Version 12.00
# Visual Studio Version 16
VisualStudioVersion = 16.0.30204.135
MinimumVisualStudioVersion = 10.0.40219.1
Project("{9A19103F-16F7-4668-BE54-9A1E7A4F7556}") = "Neurophotometrics.CustomComponents", "Neurophotometrics.CustomComponents\Neurophotometrics.CustomComponents.csproj", "{556F49B9-67A1-44D7-8BF8-09B73E362BCF}"
EndProject
Global
	GlobalSection(SolutionConfigurationPlatforms) = preSolution
		Debug|Any CPU = Debug|Any CPU
		Release|Any CPU = Release|Any CPU
	EndGlobalSection
	GlobalSection(ProjectConfigurationPlatforms) = postSolution
		{556F49B9-67A1-44D7-8BF8-09B73E362BCF}.Debug|Any CPU.ActiveCfg = Debug|Any CPU
		{556F49B9-67A1-44D7-8BF8-09B73E362BCF}.Debug|Any CPU.Build.0 = Debug|Any CPU
		{556F49B9-67A1-44D7-8BF8-09B73E362BCF}.Release|Any CPU.ActiveCfg = Release|Any CPU
		{556F49B9-67A1-44D7-8BF8-09B73E362BCF}.Release|Any CPU.Build.0 = Release|Any CPU
	EndGlobalSection
	GlobalSection(SolutionProperties) = preSolution
		HideSolutionNode = FALSE
	EndGlobalSection
	GlobalSection(ExtensibilityGlobals) = postSolution
		SolutionGuid = {04A457EC-B75D-400B-9878-E46DD6BC7190}
	EndGlobalSection
EndGlobal
